
Microsoft Visual Studio Solution File, Format Version 12.00
# Visual Studio Version 17
VisualStudioVersion = 17.0.32112.339
MinimumVisualStudioVersion = 10.0.40219.1
Project("{9A19103F-16F7-4668-BE54-9A1E7A4F7556}") = "LW-1-App", "LW-1-App\LW-1-App.csproj", "{CF9E117C-8997-4CDA-B3D0-ED1E266D9D97}"
EndProject
Project("{9A19103F-16F7-4668-BE54-9A1E7A4F7556}") = "LW-1-Core", "LW-1-Core\LW-1-Core.csproj", "{DB01D837-9ACF-4529-A7F6-FE3AAF967D92}"
EndProject
Project("{FAE04EC0-301F-11D3-BF4B-00C04F79EFBC}") = "HoundifySDK", "HoundifySDK\HoundifySDK.csproj", "{F5E13B67-F7C5-45EE-B26D-2336E87C16BA}"
EndProject
Global
	GlobalSection(SolutionConfigurationPlatforms) = preSolution
		Debug|Any CPU = Debug|Any CPU
		Release|Any CPU = Release|Any CPU
	EndGlobalSection
	GlobalSection(ProjectConfigurationPlatforms) = postSolution
		{CF9E117C-8997-4CDA-B3D0-ED1E266D9D97}.Debug|Any CPU.ActiveCfg = Debug|Any CPU
		{CF9E117C-8997-4CDA-B3D0-ED1E266D9D97}.Debug|Any CPU.Build.0 = Debug|Any CPU
		{CF9E117C-8997-4CDA-B3D0-ED1E266D9D97}.Release|Any CPU.ActiveCfg = Release|Any CPU
		{CF9E117C-8997-4CDA-B3D0-ED1E266D9D97}.Release|Any CPU.Build.0 = Release|Any CPU
		{DB01D837-9ACF-4529-A7F6-FE3AAF967D92}.Debug|Any CPU.ActiveCfg = Debug|Any CPU
		{DB01D837-9ACF-4529-A7F6-FE3AAF967D92}.Debug|Any CPU.Build.0 = Debug|Any CPU
		{DB01D837-9ACF-4529-A7F6-FE3AAF967D92}.Release|Any CPU.ActiveCfg = Release|Any CPU
		{DB01D837-9ACF-4529-A7F6-FE3AAF967D92}.Release|Any CPU.Build.0 = Release|Any CPU
		{F5E13B67-F7C5-45EE-B26D-2336E87C16BA}.Debug|Any CPU.ActiveCfg = Debug|Any CPU
		{F5E13B67-F7C5-45EE-B26D-2336E87C16BA}.Debug|Any CPU.Build.0 = Debug|Any CPU
		{F5E13B67-F7C5-45EE-B26D-2336E87C16BA}.Release|Any CPU.ActiveCfg = Release|Any CPU
		{F5E13B67-F7C5-45EE-B26D-2336E87C16BA}.Release|Any CPU.Build.0 = Release|Any CPU
	EndGlobalSection
	GlobalSection(SolutionProperties) = preSolution
		HideSolutionNode = FALSE
	EndGlobalSection
	GlobalSection(ExtensibilityGlobals) = postSolution
		SolutionGuid = {BADFC7DA-DE15-4BAA-B07D-5AA7AC72825B}
	EndGlobalSection
EndGlobal
